
Microsoft Visual Studio Solution File, Format Version 12.00
# Visual Studio Version 16
VisualStudioVersion = 16.0.31624.102
MinimumVisualStudioVersion = 10.0.40219.1
Project("{FAE04EC0-301F-11D3-BF4B-00C04F79EFBC}") = "2C2PTechExam", "2C2PTechExam.csproj", "{0A915E6A-5F40-40FD-930F-1A13091A4DFE}"
EndProject
Global
	GlobalSection(SolutionConfigurationPlatforms) = preSolution
		Debug|Any CPU = Debug|Any CPU
		Release|Any CPU = Release|Any CPU
	EndGlobalSection
	GlobalSection(ProjectConfigurationPlatforms) = postSolution
		{0A915E6A-5F40-40FD-930F-1A13091A4DFE}.Debug|Any CPU.ActiveCfg = Debug|Any CPU
		{0A915E6A-5F40-40FD-930F-1A13091A4DFE}.Debug|Any CPU.Build.0 = Debug|Any CPU
		{0A915E6A-5F40-40FD-930F-1A13091A4DFE}.Release|Any CPU.ActiveCfg = Release|Any CPU
		{0A915E6A-5F40-40FD-930F-1A13091A4DFE}.Release|Any CPU.Build.0 = Release|Any CPU
	EndGlobalSection
	GlobalSection(SolutionProperties) = preSolution
		HideSolutionNode = FALSE
	EndGlobalSection
	GlobalSection(ExtensibilityGlobals) = postSolution
		SolutionGuid = {D93C1DA8-1EBC-4E26-B4AD-05AB4D9FE972}
	EndGlobalSection
EndGlobal
